schema: '2.0'
stages:
  build_features:
    cmd: python .\src\features\build_features.py
    deps:
    - path: .\data\raw\
      hash: md5
      md5: 775bd993f722629b752d2bdee167a7a2.dir
      size: 271383386
      nfiles: 3
    - path: .\src\features\build_features.py
      hash: md5
      md5: 96c07b61f35692471d960528e5e63452
      size: 1137
  train_model:
    cmd: python .\src\models\train_model.py .\data\processed\
    deps:
    - path: .\data\processed\
      hash: md5
      md5: fcf68ca89b30e31713e10172cfa9513c.dir
      size: 335293872
      nfiles: 3
    - path: .\src\models\train_model.py
      hash: md5
      md5: c3eed510c9c17638a247dcc4628bafda
      size: 6575
  push_model:
    cmd: python .\src\models\push_model.py
    deps:
    - path: .\models\
      hash: md5
      md5: e39919a6b65e1d45e97678cbf160f23b.dir
      size: 79260
      nfiles: 2
    - path: .\src\models\push_model.py
      hash: md5
      md5: 17b69cd7723619a8826459f8cac9be5b
      size: 819
