schema: '2.0'
stages:
  build_features:
    cmd: python .\src\features\build_features.py
    deps:
    - path: .\data\raw\
      hash: md5
      md5: 775bd993f722629b752d2bdee167a7a2.dir
      size: 271383386
      nfiles: 3
    - path: .\src\features\build_features.py
      hash: md5
      md5: 062b2a6618f67775a05f66287d22debd
      size: 1138
  train_model:
    cmd: python .\src\models\train_model.py .\data\processed\
    deps:
    - path: .\data\processed\
      hash: md5
      md5: 6ffbaaad7b4ac6e1afabed19a80b2560.dir
      size: 0
      nfiles: 1
    - path: .\src\models\train_model.py
      hash: md5
      md5: c3eed510c9c17638a247dcc4628bafda
      size: 6575
  push_model:
    cmd: python .\src\models\push_model.py
    deps:
    - path: .\models\
      hash: md5
      md5: 6ffbaaad7b4ac6e1afabed19a80b2560.dir
      size: 0
      nfiles: 1
    - path: .\src\models\push_model.py
      hash: md5
      md5: 17b69cd7723619a8826459f8cac9be5b
      size: 819
